black==23.7.0
click==8.1.6
isort==5.12.0
mypy-extensions==1.0.0
numpy==1.25.1
packaging==23.1
pathspec==0.11.1
platformdirs==3.9.1
python-json-logger @ git+https://${TEST_TOKEN}@github.com/madzak/python-json-logger@5f85723f4693c7289724fdcda84cfc0b62da74d4
resolvelib @ git+https://${TEST_USER}:${TEST_PASS}@github.com/sarugaku/resolvelib@ea4011ba901b56ab0aa3a7519bc2ffacf8440423
tomli==2.0.1
